
Microsoft Visual Studio Solution File, Format Version 12.00
# Visual Studio 15
VisualStudioVersion = 15.0.28010.2048
MinimumVisualStudioVersion = 10.0.40219.1
Project("{2150E333-8FDC-42A3-9474-1A3956D46DE8}") = "BLL", "BLL", "{1A9CF30B-9BC1-476B-B6DB-1F2F91D93980}"
EndProject
Project("{2150E333-8FDC-42A3-9474-1A3956D46DE8}") = "DAL", "DAL", "{1FDCA64C-32AA-4C9C-9CD9-43A19DF8AF4E}"
EndProject
Project("{2150E333-8FDC-42A3-9474-1A3956D46DE8}") = "Model", "Model", "{2B576D0E-ABA6-4A2F-AB84-32D82057E983}"
EndProject
Project("{2150E333-8FDC-42A3-9474-1A3956D46DE8}") = "UI", "UI", "{2A99BEE7-2829-4C29-99A2-389249AA0022}"
EndProject
Project("{FAE04EC0-301F-11D3-BF4B-00C04F79EFBC}") = "JSZYJYNLSL.BLL", "JSZYJYNLSL.BLL\JSZYJYNLSL.BLL.csproj", "{D4311C0A-84FA-4C1D-A0FD-0C5FB68BFFCF}"
EndProject
Project("{FAE04EC0-301F-11D3-BF4B-00C04F79EFBC}") = "JSZYJYNL.IBLL", "JSZYJYNL.IBLL\JSZYJYNL.IBLL.csproj", "{BAEB0CE4-BAF2-4040-AAA9-149EA1A95360}"
EndProject
Project("{FAE04EC0-301F-11D3-BF4B-00C04F79EFBC}") = "JSZYJYNL.BLLContainer", "JSZYJYNL.BLLContainer\JSZYJYNL.BLLContainer.csproj", "{BB2D98ED-F7FD-4D50-968A-D7E5B834AD35}"
EndProject
Project("{FAE04EC0-301F-11D3-BF4B-00C04F79EFBC}") = "JSZYJYNL.DAL", "JSZYJYNL.DAL\JSZYJYNL.DAL.csproj", "{8A591237-A7C0-4AED-A523-A93D982EA363}"
EndProject
Project("{FAE04EC0-301F-11D3-BF4B-00C04F79EFBC}") = "JSZYJYNL.IDAL", "JSZYJYNL.IDAL\JSZYJYNL.IDAL.csproj", "{AF5298A2-85CF-4833-853C-E744EC06A7B3}"
EndProject
Project("{FAE04EC0-301F-11D3-BF4B-00C04F79EFBC}") = "JSZYJSNL.DALContainer", "JSZYJSNL.DALContainer\JSZYJSNL.DALContainer.csproj", "{4F442564-4969-43AE-8EBB-B4439BB42F6D}"
EndProject
Project("{FAE04EC0-301F-11D3-BF4B-00C04F79EFBC}") = "JSZYJYNLSL.Model", "JSZYJYNLSL.Model\JSZYJYNLSL.Model.csproj", "{22D50851-F59B-4FC7-AE74-B41DA83EA883}"
EndProject
Project("{FAE04EC0-301F-11D3-BF4B-00C04F79EFBC}") = "JSZYJYNLSL", "JSZYJYNLSL\JSZYJYNLSL.csproj", "{F45BE44C-B5E5-4D96-8E5A-2D6932826D14}"
EndProject
Global
	GlobalSection(SolutionConfigurationPlatforms) = preSolution
		Debug|Any CPU = Debug|Any CPU
		Release|Any CPU = Release|Any CPU
	EndGlobalSection
	GlobalSection(ProjectConfigurationPlatforms) = postSolution
		{D4311C0A-84FA-4C1D-A0FD-0C5FB68BFFCF}.Debug|Any CPU.ActiveCfg = Debug|Any CPU
		{D4311C0A-84FA-4C1D-A0FD-0C5FB68BFFCF}.Debug|Any CPU.Build.0 = Debug|Any CPU
		{D4311C0A-84FA-4C1D-A0FD-0C5FB68BFFCF}.Release|Any CPU.ActiveCfg = Release|Any CPU
		{D4311C0A-84FA-4C1D-A0FD-0C5FB68BFFCF}.Release|Any CPU.Build.0 = Release|Any CPU
		{BAEB0CE4-BAF2-4040-AAA9-149EA1A95360}.Debug|Any CPU.ActiveCfg = Debug|Any CPU
		{BAEB0CE4-BAF2-4040-AAA9-149EA1A95360}.Debug|Any CPU.Build.0 = Debug|Any CPU
		{BAEB0CE4-BAF2-4040-AAA9-149EA1A95360}.Release|Any CPU.ActiveCfg = Release|Any CPU
		{BAEB0CE4-BAF2-4040-AAA9-149EA1A95360}.Release|Any CPU.Build.0 = Release|Any CPU
		{BB2D98ED-F7FD-4D50-968A-D7E5B834AD35}.Debug|Any CPU.ActiveCfg = Debug|Any CPU
		{BB2D98ED-F7FD-4D50-968A-D7E5B834AD35}.Debug|Any CPU.Build.0 = Debug|Any CPU
		{BB2D98ED-F7FD-4D50-968A-D7E5B834AD35}.Release|Any CPU.ActiveCfg = Release|Any CPU
		{BB2D98ED-F7FD-4D50-968A-D7E5B834AD35}.Release|Any CPU.Build.0 = Release|Any CPU
		{8A591237-A7C0-4AED-A523-A93D982EA363}.Debug|Any CPU.ActiveCfg = Debug|Any CPU
		{8A591237-A7C0-4AED-A523-A93D982EA363}.Debug|Any CPU.Build.0 = Debug|Any CPU
		{8A591237-A7C0-4AED-A523-A93D982EA363}.Release|Any CPU.ActiveCfg = Release|Any CPU
		{8A591237-A7C0-4AED-A523-A93D982EA363}.Release|Any CPU.Build.0 = Release|Any CPU
		{AF5298A2-85CF-4833-853C-E744EC06A7B3}.Debug|Any CPU.ActiveCfg = Debug|Any CPU
		{AF5298A2-85CF-4833-853C-E744EC06A7B3}.Debug|Any CPU.Build.0 = Debug|Any CPU
		{AF5298A2-85CF-4833-853C-E744EC06A7B3}.Release|Any CPU.ActiveCfg = Release|Any CPU
		{AF5298A2-85CF-4833-853C-E744EC06A7B3}.Release|Any CPU.Build.0 = Release|Any CPU
		{4F442564-4969-43AE-8EBB-B4439BB42F6D}.Debug|Any CPU.ActiveCfg = Debug|Any CPU
		{4F442564-4969-43AE-8EBB-B4439BB42F6D}.Debug|Any CPU.Build.0 = Debug|Any CPU
		{4F442564-4969-43AE-8EBB-B4439BB42F6D}.Release|Any CPU.ActiveCfg = Release|Any CPU
		{4F442564-4969-43AE-8EBB-B4439BB42F6D}.Release|Any CPU.Build.0 = Release|Any CPU
		{22D50851-F59B-4FC7-AE74-B41DA83EA883}.Debug|Any CPU.ActiveCfg = Debug|Any CPU
		{22D50851-F59B-4FC7-AE74-B41DA83EA883}.Debug|Any CPU.Build.0 = Debug|Any CPU
		{22D50851-F59B-4FC7-AE74-B41DA83EA883}.Release|Any CPU.ActiveCfg = Release|Any CPU
		{22D50851-F59B-4FC7-AE74-B41DA83EA883}.Release|Any CPU.Build.0 = Release|Any CPU
		{F45BE44C-B5E5-4D96-8E5A-2D6932826D14}.Debug|Any CPU.ActiveCfg = Debug|Any CPU
		{F45BE44C-B5E5-4D96-8E5A-2D6932826D14}.Debug|Any CPU.Build.0 = Debug|Any CPU
		{F45BE44C-B5E5-4D96-8E5A-2D6932826D14}.Release|Any CPU.ActiveCfg = Release|Any CPU
		{F45BE44C-B5E5-4D96-8E5A-2D6932826D14}.Release|Any CPU.Build.0 = Release|Any CPU
	EndGlobalSection
	GlobalSection(SolutionProperties) = preSolution
		HideSolutionNode = FALSE
	EndGlobalSection
	GlobalSection(NestedProjects) = preSolution
		{D4311C0A-84FA-4C1D-A0FD-0C5FB68BFFCF} = {1A9CF30B-9BC1-476B-B6DB-1F2F91D93980}
		{BAEB0CE4-BAF2-4040-AAA9-149EA1A95360} = {1A9CF30B-9BC1-476B-B6DB-1F2F91D93980}
		{BB2D98ED-F7FD-4D50-968A-D7E5B834AD35} = {1A9CF30B-9BC1-476B-B6DB-1F2F91D93980}
		{8A591237-A7C0-4AED-A523-A93D982EA363} = {1FDCA64C-32AA-4C9C-9CD9-43A19DF8AF4E}
		{AF5298A2-85CF-4833-853C-E744EC06A7B3} = {1FDCA64C-32AA-4C9C-9CD9-43A19DF8AF4E}
		{4F442564-4969-43AE-8EBB-B4439BB42F6D} = {1FDCA64C-32AA-4C9C-9CD9-43A19DF8AF4E}
		{22D50851-F59B-4FC7-AE74-B41DA83EA883} = {2B576D0E-ABA6-4A2F-AB84-32D82057E983}
		{F45BE44C-B5E5-4D96-8E5A-2D6932826D14} = {2A99BEE7-2829-4C29-99A2-389249AA0022}
	EndGlobalSection
	GlobalSection(ExtensibilityGlobals) = postSolution
		SolutionGuid = {F759FABF-CEE2-466F-944E-6A894110461B}
	EndGlobalSection
EndGlobal
